
Microsoft Visual Studio Solution File, Format Version 12.00
# Visual Studio 15
VisualStudioVersion = 15.0.28307.757
MinimumVisualStudioVersion = 10.0.40219.1
Project("{FAE04EC0-301F-11D3-BF4B-00C04F79EFBC}") = "ZEQP.LED", "ZEQP.LED\ZEQP.LED.csproj", "{01EEF0EA-8E4B-49C0-90E9-5C8BE7ABEBFF}"
EndProject
Global
	GlobalSection(SolutionConfigurationPlatforms) = preSolution
		Debug|Any CPU = Debug|Any CPU
		Release|Any CPU = Release|Any CPU
	EndGlobalSection
	GlobalSection(ProjectConfigurationPlatforms) = postSolution
		{01EEF0EA-8E4B-49C0-90E9-5C8BE7ABEBFF}.Debug|Any CPU.ActiveCfg = Debug|Any CPU
		{01EEF0EA-8E4B-49C0-90E9-5C8BE7ABEBFF}.Debug|Any CPU.Build.0 = Debug|Any CPU
		{01EEF0EA-8E4B-49C0-90E9-5C8BE7ABEBFF}.Release|Any CPU.ActiveCfg = Release|Any CPU
		{01EEF0EA-8E4B-49C0-90E9-5C8BE7ABEBFF}.Release|Any CPU.Build.0 = Release|Any CPU
	EndGlobalSection
	GlobalSection(SolutionProperties) = preSolution
		HideSolutionNode = FALSE
	EndGlobalSection
	GlobalSection(ExtensibilityGlobals) = postSolution
		SolutionGuid = {864BA87E-77A3-421C-B782-AF8C10629ACF}
	EndGlobalSection
EndGlobal
